
Microsoft Visual Studio Solution File, Format Version 12.00
Project("{FAE04EC0-301F-11D3-BF4B-00C04F79EFBC}") = "Sandbox.Nh", "Sandbox.Nh\Sandbox.Nh.csproj", "{122203A0-5067-41C4-AEF9-44C0022C0DE6}"
EndProject
Global
	GlobalSection(SolutionConfigurationPlatforms) = preSolution
		Debug|Any CPU = Debug|Any CPU
		Release|Any CPU = Release|Any CPU
	EndGlobalSection
	GlobalSection(ProjectConfigurationPlatforms) = postSolution
		{122203A0-5067-41C4-AEF9-44C0022C0DE6}.Debug|Any CPU.ActiveCfg = Debug|Any CPU
		{122203A0-5067-41C4-AEF9-44C0022C0DE6}.Debug|Any CPU.Build.0 = Debug|Any CPU
		{122203A0-5067-41C4-AEF9-44C0022C0DE6}.Release|Any CPU.ActiveCfg = Release|Any CPU
		{122203A0-5067-41C4-AEF9-44C0022C0DE6}.Release|Any CPU.Build.0 = Release|Any CPU
	EndGlobalSection
EndGlobal
